{
  "pins" : [
    {
      "identity" : "dolphinhttp",
      "kind" : "remoteSourceControl",
      "location" : "https://github.com/WeiTsungCheng/DolphinHTTP.git",
      "state" : {
        "revision" : "fbc1124824f9461d9e5c3c78c215b549180b7196",
        "version" : "1.0.1"
      }
    },
    {
      "identity" : "realm-core",
      "kind" : "remoteSourceControl",
      "location" : "https://github.com/realm/realm-core.git",
      "state" : {
        "revision" : "f0045b71f9d3e9a6d82c711828f14222811fa6e9",
        "version" : "13.9.4"
      }
    },
    {
      "identity" : "realm-swift",
      "kind" : "remoteSourceControl",
      "location" : "https://github.com/realm/realm-swift.git",
      "state" : {
        "branch" : "master",
        "revision" : "83654fddd15f47cae15af12b3ebd40499f05acff"
      }
    },
    {
      "identity" : "snapkit",
      "kind" : "remoteSourceControl",
      "location" : "https://github.com/SnapKit/SnapKit.git",
      "state" : {
        "revision" : "f222cbdf325885926566172f6f5f06af95473158",
        "version" : "5.6.0"
      }
    }
  ],
  "version" : 2
}
